
Microsoft Visual Studio Solution File, Format Version 12.00
# Visual Studio 15
VisualStudioVersion = 15.0.26730.3
MinimumVisualStudioVersion = 10.0.40219.1
Project("{FAE04EC0-301F-11D3-BF4B-00C04F79EFBC}") = "ZeroOneKnapsack", "ZeroOneKnapsack\ZeroOneKnapsack.csproj", "{D28A42CA-55F2-4A09-9E55-39AD57A86670}"
EndProject
Global
	GlobalSection(SolutionConfigurationPlatforms) = preSolution
		Debug|Any CPU = Debug|Any CPU
		Release|Any CPU = Release|Any CPU
	EndGlobalSection
	GlobalSection(ProjectConfigurationPlatforms) = postSolution
		{D28A42CA-55F2-4A09-9E55-39AD57A86670}.Debug|Any CPU.ActiveCfg = Debug|Any CPU
		{D28A42CA-55F2-4A09-9E55-39AD57A86670}.Debug|Any CPU.Build.0 = Debug|Any CPU
		{D28A42CA-55F2-4A09-9E55-39AD57A86670}.Release|Any CPU.ActiveCfg = Release|Any CPU
		{D28A42CA-55F2-4A09-9E55-39AD57A86670}.Release|Any CPU.Build.0 = Release|Any CPU
	EndGlobalSection
	GlobalSection(SolutionProperties) = preSolution
		HideSolutionNode = FALSE
	EndGlobalSection
	GlobalSection(ExtensibilityGlobals) = postSolution
		SolutionGuid = {CF22B35F-83FE-4566-9355-CB8251A450C6}
	EndGlobalSection
EndGlobal
